// !$*UTF8*$!
{
	archiveVersion = 1;
	classes = {
	};
	objectVersion = 48;
	objects = {

/* Begin PBXBuildFile section */
		218CBA17200CCED4007F1CC3 /* AppDelegate.swift in Sources */ = {isa = PBXBuildFile; fileRef = 218CBA16200CCED4007F1CC3 /* AppDelegate.swift */; };
		218CBA19200CCED4007F1CC3 /* ViewController.swift in Sources */ = {isa = PBXBuildFile; fileRef = 218CBA18200CCED4007F1CC3 /* ViewController.swift */; };
		218CBA1C200CCED4007F1CC3 /* Main.storyboard in Resources */ = {isa = PBXBuildFile; fileRef = 218CBA1A200CCED4007F1CC3 /* Main.storyboard */; };
		218CBA1E200CCED4007F1CC3 /* Assets.xcassets in Resources */ = {isa = PBXBuildFile; fileRef = 218CBA1D200CCED4007F1CC3 /* Assets.xcassets */; };
		218CBA21200CCED4007F1CC3 /* LaunchScreen.storyboard in Resources */ = {isa = PBXBuildFile; fileRef = 218CBA1F200CCED4007F1CC3 /* LaunchScreen.storyboard */; };
/* End PBXBuildFile section */

/* Begin PBXFileReference section */
		218CBA13200CCED4007F1CC3 /* PasswordVisibleExample_Swift.app */ = {isa = PBXFileReference; explicitFileType = wrapper.application; includeInIndex = 0; path = PasswordVisibleExample_Swift.app; sourceTree = BUILT_PRODUCTS_DIR; };
		218CBA16200CCED4007F1CC3 /* AppDelegate.swift */ = {isa = PBXFileReference; lastKnownFileType = sourcecode.swift; path = AppDelegate.swift; sourceTree = "<group>"; };
		218CBA18200CCED4007F1CC3 /* ViewController.swift */ = {isa = PBXFileReference; lastKnownFileType = sourcecode.swift; path = ViewController.swift; sourceTree = "<group>"; };
		218CBA1B200CCED4007F1CC3 /* Base */ = {isa = PBXFileReference; lastKnownFileType = file.storyboard; name = Base; path = Base.lproj/Main.storyboard; sourceTree = "<group>"; };
		218CBA1D200CCED4007F1CC3 /* Assets.xcassets */ = {isa = PBXFileReference; lastKnownFileType = folder.assetcatalog; path = Assets.xcassets; sourceTree = "<group>"; };
		218CBA20200CCED4007F1CC3 /* Base */ = {isa = PBXFileReference; lastKnownFileType = file.storyboard; name = Base; path = Base.lproj/LaunchScreen.storyboard; sourceTree = "<group>"; };
		218CBA22200CCED4007F1CC3 /* Info.plist */ = {isa = PBXFileReference; lastKnownFileType = text.plist.xml; path = Info.plist; sourceTree = "<group>"; };
/* End PBXFileReference section */

/* Begin PBXFrameworksBuildPhase section */
		218CBA10200CCED4007F1CC3 /* Frameworks */ = {
			isa = PBXFrameworksBuildPhase;
			buildActionMask = 2147483647;
			files = (
			);
			runOnlyForDeploymentPostprocessing = 0;
		};
/* End PBXFrameworksBuildPhase section */

/* Begin PBXGroup section */
		218CBA0A200CCED4007F1CC3 = {
			isa = PBXGroup;
			children = (
				218CBA15200CCED4007F1CC3 /* PasswordVisibleExample_Swift */,
				218CBA14200CCED4007F1CC3 /* Products */,
			);
			sourceTree = "<group>";
		};
		218CBA14200CCED4007F1CC3 /* Products */ = {
			isa = PBXGroup;
			children = (
				218CBA13200CCED4007F1CC3 /* PasswordVisibleExample_Swift.app */,
			);
			name = Products;
			sourceTree = "<group>";
		};
		218CBA15200CCED4007F1CC3 /* PasswordVisibleExample_Swift */ = {
			isa = PBXGroup;
			children = (
				218CBA16200CCED4007F1CC3 /* AppDelegate.swift */,
				218CBA18200CCED4007F1CC3 /* ViewController.swift */,
				218CBA1A200CCED4007F1CC3 /* Main.storyboard */,
				218CBA1D200CCED4007F1CC3 /* Assets.xcassets */,
				218CBA1F200CCED4007F1CC3 /* LaunchScreen.storyboard */,
				218CBA22200CCED4007F1CC3 /* Info.plist */,
			);
			path = PasswordVisibleExample_Swift;
			sourceTree = "<group>";
		};
/* End PBXGroup section */

/* Begin PBXNativeTarget section */
		218CBA12200CCED4007F1CC3 /* PasswordVisibleExample_Swift */ = {
			isa = PBXNativeTarget;
			buildConfigurationList = 218CBA25200CCED4007F1CC3 /* Build configuration list for PBXNativeTarget "PasswordVisibleExample_Swift" */;
			buildPhases = (
				218CBA0F200CCED4007F1CC3 /* Sources */,
				218CBA10200CCED4007F1CC3 /* Frameworks */,
				218CBA11200CCED4007F1CC3 /* Resources */,
			);
			buildRules = (
			);
			dependencies = (
			);
			name = PasswordVisibleExample_Swift;
			productName = PasswordVisibleExample_Swift;
			productReference = 218CBA13200CCED4007F1CC3 /* PasswordVisibleExample_Swift.app */;
			productType = "com.apple.product-type.application";
		};
/* End PBXNativeTarget section */

/* Begin PBXProject section */
		218CBA0B200CCED4007F1CC3 /* Project object */ = {
			isa = PBXProject;
			attributes = {
				LastSwiftUpdateCheck = 0900;
				LastUpgradeCheck = 0900;
				ORGANIZATIONNAME = "Keisuke Okamoto";
				TargetAttributes = {
					218CBA12200CCED4007F1CC3 = {
						CreatedOnToolsVersion = 9.0;
						ProvisioningStyle = Automatic;
					};
				};
			};
			buildConfigurationList = 218CBA0E200CCED4007F1CC3 /* Build configuration list for PBXProject "PasswordVisibleExample_Swift" */;
			compatibilityVersion = "Xcode 8.0";
			developmentRegion = en;
			hasScannedForEncodings = 0;
			knownRegions = (
				en,
				Base,
			);
			mainGroup = 218CBA0A200CCED4007F1CC3;
			productRefGroup = 218CBA14200CCED4007F1CC3 /* Products */;
			projectDirPath = "";
			projectRoot = "";
			targets = (
				218CBA12200CCED4007F1CC3 /* PasswordVisibleExample_Swift */,
			);
		};
/* End PBXProject section */

/* Begin PBXResourcesBuildPhase section */
		218CBA11200CCED4007F1CC3 /* Resources */ = {
			isa = PBXResourcesBuildPhase;
			buildActionMask = 2147483647;
			files = (
				218CBA21200CCED4007F1CC3 /* LaunchScreen.storyboard in Resources */,
				218CBA1E200CCED4007F1CC3 /* Assets.xcassets in Resources */,
				218CBA1C200CCED4007F1CC3 /* Main.storyboard in Resources */,
			);
			runOnlyForDeploymentPostprocessing = 0;
		};
/* End PBXResourcesBuildPhase section */

/* Begin PBXSourcesBuildPhase section */
		218CBA0F200CCED4007F1CC3 /* Sources */ = {
			isa = PBXSourcesBuildPhase;
			buildActionMask = 2147483647;
			files = (
				218CBA19200CCED4007F1CC3 /* ViewController.swift in Sources */,
				218CBA17200CCED4007F1CC3 /* AppDelegate.swift in Sources */,
			);
			runOnlyForDeploymentPostprocessing = 0;
		};
/* End PBXSourcesBuildPhase section */

/* Begin PBXVariantGroup section */
		218CBA1A200CCED4007F1CC3 /* Main.storyboard */ = {
			isa = PBXVariantGroup;
			children = (
				218CBA1B200CCED4007F1CC3 /* Base */,
			);
			name = Main.storyboard;
			sourceTree = "<group>";
		};
		218CBA1F200CCED4007F1CC3 /* LaunchScreen.storyboard */ = {
			isa = PBXVariantGroup;
			children = (
				218CBA20200CCED4007F1CC3 /* Base */,
			);
			name = LaunchScreen.storyboard;
			sourceTree = "<group>";
		};
/* End PBXVariantGroup section */

/* Begin XCBuildConfiguration section */
		218CBA23200CCED4007F1CC3 /* Debug */ = {
			isa = XCBuildConfiguration;
			buildSettings = {
				ALWAYS_SEARCH_USER_PATHS = NO;
				CLANG_ANALYZER_NONNULL = YES;
				CLANG_ANALYZER_NUMBER_OBJECT_CONVERSION = YES_AGGRESSIVE;
				CLANG_CXX_LANGUAGE_STANDARD = "gnu++14";
				CLANG_CXX_LIBRARY = "libc++";
				CLANG_ENABLE_MODULES = YES;
				CLANG_ENABLE_OBJC_ARC = YES;
				CLANG_WARN_BLOCK_CAPTURE_AUTORELEASING = YES;
				CLANG_WARN_BOOL_CONVERSION = YES;
				CLANG_WARN_COMMA = YES;
				CLANG_WARN_CONSTANT_CONVERSION = YES;
				CLANG_WARN_DIRECT_OBJC_ISA_USAGE = YES_ERROR;
				CLANG_WARN_DOCUMENTATION_COMMENTS = YES;
				CLANG_WARN_EMPTY_BODY = YES;
				CLANG_WARN_ENUM_CONVERSION = YES;
				CLANG_WARN_INFINITE_RECURSION = YES;
				CLANG_WARN_INT_CONVERSION = YES;
				CLANG_WARN_NON_LITERAL_NULL_CONVERSION = YES;
				CLANG_WARN_OBJC_LITERAL_CONVERSION = YES;
				CLANG_WARN_OBJC_ROOT_CLASS = YES_ERROR;
				CLANG_WARN_RANGE_LOOP_ANALYSIS = YES;
				CLANG_WARN_STRICT_PROTOTYPES = YES;
				CLANG_WARN_SUSPICIOUS_MOVE = YES;
				CLANG_WARN_UNGUARDED_AVAILABILITY = YES_AGGRESSIVE;
				CLANG_WARN_UNREACHABLE_CODE = YES;
				CLANG_WARN__DUPLICATE_METHOD_MATCH = YES;
				CODE_SIGN_IDENTITY = "iPhone Developer";
				COPY_PHASE_STRIP = NO;
				DEBUG_INFORMATION_FORMAT = dwarf;
				ENABLE_STRICT_OBJC_MSGSEND = YES;
				ENABLE_TESTABILITY = YES;
				GCC_C_LANGUAGE_STANDARD = gnu11;
				GCC_DYNAMIC_NO_PIC = NO;
				GCC_NO_COMMON_BLOCKS = YES;
				GCC_OPTIMIZATION_LEVEL = 0;
				GCC_PREPROCESSOR_DEFINITIONS = (
					"DEBUG=1",
					"$(inherited)",
				);
				GCC_WARN_64_TO_32_BIT_CONVERSION = YES;
				GCC_WARN_ABOUT_RETURN_TYPE = YES_ERROR;
				GCC_WARN_UNDECLARED_SELECTOR = YES;
				GCC_WARN_UNINITIALIZED_AUTOS = YES_AGGRESSIVE;
				GCC_WARN_UNUSED_FUNCTION = YES;
				GCC_WARN_UNUSED_VARIABLE = YES;
				IPHONEOS_DEPLOYMENT_TARGET = 11.0;
				MTL_ENABLE_DEBUG_INFO = YES;
				ONLY_ACTIVE_ARCH = YES;
				SDKROOT = iphoneos;
				SWIFT_ACTIVE_COMPILATION_CONDITIONS = DEBUG;
				SWIFT_OPTIMIZATION_LEVEL = "-Onone";
			};
			name = Debug;
		};
		218CBA24200CCED4007F1CC3 /* Release */ = {
			isa = XCBuildConfiguration;
			buildSettings = {
				ALWAYS_SEARCH_USER_PATHS = NO;
				CLANG_ANALYZER_NONNULL = YES;
				CLANG_ANALYZER_NUMBER_OBJECT_CONVERSION = YES_AGGRESSIVE;
				CLANG_CXX_LANGUAGE_STANDARD = "gnu++14";
				CLANG_CXX_LIBRARY = "libc++";
				CLANG_ENABLE_MODULES = YES;
				CLANG_ENABLE_OBJC_ARC = YES;
				CLANG_WARN_BLOCK_CAPTURE_AUTORELEASING = YES;
				CLANG_WARN_BOOL_CONVERSION = YES;
				CLANG_WARN_COMMA = YES;
				CLANG_WARN_CONSTANT_CONVERSION = YES;
				CLANG_WARN_DIRECT_OBJC_ISA_USAGE = YES_ERROR;
				CLANG_WARN_DOCUMENTATION_COMMENTS = YES;
				CLANG_WARN_EMPTY_BODY = YES;
				CLANG_WARN_ENUM_CONVERSION = YES;
				CLANG_WARN_INFINITE_RECURSION = YES;
				CLANG_WARN_INT_CONVERSION = YES;
				CLANG_WARN_NON_LITERAL_NULL_CONVERSION = YES;
				CLANG_WARN_OBJC_LITERAL_CONVERSION = YES;
				CLANG_WARN_OBJC_ROOT_CLASS = YES_ERROR;
				CLANG_WARN_RANGE_LOOP_ANALYSIS = YES;
				CLANG_WARN_STRICT_PROTOTYPES = YES;
				CLANG_WARN_SUSPICIOUS_MOVE = YES;
				CLANG_WARN_UNGUARDED_AVAILABILITY = YES_AGGRESSIVE;
				CLANG_WARN_UNREACHABLE_CODE = YES;
				CLANG_WARN__DUPLICATE_METHOD_MATCH = YES;
				CODE_SIGN_IDENTITY = "iPhone Developer";
				COPY_PHASE_STRIP = NO;
				DEBUG_INFORMATION_FORMAT = "dwarf-with-dsym";
				ENABLE_NS_ASSERTIONS = NO;
				ENABLE_STRICT_OBJC_MSGSEND = YES;
				GCC_C_LANGUAGE_STANDARD = gnu11;
				GCC_NO_COMMON_BLOCKS = YES;
				GCC_WARN_64_TO_32_BIT_CONVERSION = YES;
				GCC_WARN_ABOUT_RETURN_TYPE = YES_ERROR;
				GCC_WARN_UNDECLARED_SELECTOR = YES;
				GCC_WARN_UNINITIALIZED_AUTOS = YES_AGGRESSIVE;
				GCC_WARN_UNUSED_FUNCTION = YES;
				GCC_WARN_UNUSED_VARIABLE = YES;
				IPHONEOS_DEPLOYMENT_TARGET = 11.0;
				MTL_ENABLE_DEBUG_INFO = NO;
				SDKROOT = iphoneos;
				SWIFT_OPTIMIZATION_LEVEL = "-Owholemodule";
				VALIDATE_PRODUCT = YES;
			};
			name = Release;
		};
		218CBA26200CCED4007F1CC3 /* Debug */ = {
			isa = XCBuildConfiguration;
			buildSettings = {
				ASSETCATALOG_COMPILER_APPICON_NAME = AppIcon;
				CODE_SIGN_STYLE = Automatic;
				INFOPLIST_FILE = PasswordVisibleExample_Swift/Info.plist;
				LD_RUNPATH_SEARCH_PATHS = "$(inherited) @executable_path/Frameworks";
				PRODUCT_BUNDLE_IDENTIFIER = "keisukeokamoto.PasswordVisibleExample-Swift";
				PRODUCT_NAME = "$(TARGET_NAME)";
				SWIFT_VERSION = 4.0;
				TARGETED_DEVICE_FAMILY = "1,2";
			};
			name = Debug;
		};
		218CBA27200CCED4007F1CC3 /* Release */ = {
			isa = XCBuildConfiguration;
			buildSettings = {
				ASSETCATALOG_COMPILER_APPICON_NAME = AppIcon;
				CODE_SIGN_STYLE = Automatic;
				INFOPLIST_FILE = PasswordVisibleExample_Swift/Info.plist;
				LD_RUNPATH_SEARCH_PATHS = "$(inherited) @executable_path/Frameworks";
				PRODUCT_BUNDLE_IDENTIFIER = "keisukeokamoto.PasswordVisibleExample-Swift";
				PRODUCT_NAME = "$(TARGET_NAME)";
				SWIFT_VERSION = 4.0;
				TARGETED_DEVICE_FAMILY = "1,2";
			};
			name = Release;
		};
/* End XCBuildConfiguration section */

/* Begin XCConfigurationList section */
		218CBA0E200CCED4007F1CC3 /* Build configuration list for PBXProject "PasswordVisibleExample_Swift" */ = {
			isa = XCConfigurationList;
			buildConfigurations = (
				218CBA23200CCED4007F1CC3 /* Debug */,
				218CBA24200CCED4007F1CC3 /* Release */,
			);
			defaultConfigurationIsVisible = 0;
			defaultConfigurationName = Release;
		};
		218CBA25200CCED4007F1CC3 /* Build configuration list for PBXNativeTarget "PasswordVisibleExample_Swift" */ = {
			isa = XCConfigurationList;
			buildConfigurations = (
				218CBA26200CCED4007F1CC3 /* Debug */,
				218CBA27200CCED4007F1CC3 /* Release */,
			);
			defaultConfigurationIsVisible = 0;
			defaultConfigurationName = Release;
		};
/* End XCConfigurationList section */
	};
	rootObject = 218CBA0B200CCED4007F1CC3 /* Project object */;
}
